// !$*UTF8*$!
{
	archiveVersion = 1;
	classes = {
	};
	objectVersion = 50;
	objects = {

/* Begin PBXBuildFile section */
		5E15034D2168C7FE00E2AD1A /* AppDelegate.swift in Sources */ = {isa = PBXBuildFile; fileRef = 5E15034C2168C7FE00E2AD1A /* AppDelegate.swift */; };
		5E15034F2168C7FE00E2AD1A /* ViewController.swift in Sources */ = {isa = PBXBuildFile; fileRef = 5E15034E2168C7FE00E2AD1A /* ViewController.swift */; };
		5E1503522168C7FE00E2AD1A /* Main.storyboard in Resources */ = {isa = PBXBuildFile; fileRef = 5E1503502168C7FE00E2AD1A /* Main.storyboard */; };
		5E1503542168C7FF00E2AD1A /* Assets.xcassets in Resources */ = {isa = PBXBuildFile; fileRef = 5E1503532168C7FF00E2AD1A /* Assets.xcassets */; };
		5E1503572168C7FF00E2AD1A /* LaunchScreen.storyboard in Resources */ = {isa = PBXBuildFile; fileRef = 5E1503552168C7FF00E2AD1A /* LaunchScreen.storyboard */; };
		5E1503622168C7FF00E2AD1A /* testCMMotionTests.swift in Sources */ = {isa = PBXBuildFile; fileRef = 5E1503612168C7FF00E2AD1A /* testCMMotionTests.swift */; };
		5E15036D2168C7FF00E2AD1A /* testCMMotionUITests.swift in Sources */ = {isa = PBXBuildFile; fileRef = 5E15036C2168C7FF00E2AD1A /* testCMMotionUITests.swift */; };
/* End PBXBuildFile section */

/* Begin PBXContainerItemProxy section */
		5E15035E2168C7FF00E2AD1A /* PBXContainerItemProxy */ = {
			isa = PBXContainerItemProxy;
			containerPortal = 5E1503412168C7FE00E2AD1A /* Project object */;
			proxyType = 1;
			remoteGlobalIDString = 5E1503482168C7FE00E2AD1A;
			remoteInfo = testCMMotion;
		};
		5E1503692168C7FF00E2AD1A /* PBXContainerItemProxy */ = {
			isa = PBXContainerItemProxy;
			containerPortal = 5E1503412168C7FE00E2AD1A /* Project object */;
			proxyType = 1;
			remoteGlobalIDString = 5E1503482168C7FE00E2AD1A;
			remoteInfo = testCMMotion;
		};
/* End PBXContainerItemProxy section */

/* Begin PBXFileReference section */
		5E1503492168C7FE00E2AD1A /* testCMMotion.app */ = {isa = PBXFileReference; explicitFileType = wrapper.application; includeInIndex = 0; path = testCMMotion.app; sourceTree = BUILT_PRODUCTS_DIR; };
		5E15034C2168C7FE00E2AD1A /* AppDelegate.swift */ = {isa = PBXFileReference; lastKnownFileType = sourcecode.swift; path = AppDelegate.swift; sourceTree = "<group>"; };
		5E15034E2168C7FE00E2AD1A /* ViewController.swift */ = {isa = PBXFileReference; lastKnownFileType = sourcecode.swift; path = ViewController.swift; sourceTree = "<group>"; };
		5E1503512168C7FE00E2AD1A /* Base */ = {isa = PBXFileReference; lastKnownFileType = file.storyboard; name = Base; path = Base.lproj/Main.storyboard; sourceTree = "<group>"; };
		5E1503532168C7FF00E2AD1A /* Assets.xcassets */ = {isa = PBXFileReference; lastKnownFileType = folder.assetcatalog; path = Assets.xcassets; sourceTree = "<group>"; };
		5E1503562168C7FF00E2AD1A /* Base */ = {isa = PBXFileReference; lastKnownFileType = file.storyboard; name = Base; path = Base.lproj/LaunchScreen.storyboard; sourceTree = "<group>"; };
		5E1503582168C7FF00E2AD1A /* Info.plist */ = {isa = PBXFileReference; lastKnownFileType = text.plist.xml; path = Info.plist; sourceTree = "<group>"; };
		5E15035D2168C7FF00E2AD1A /* testCMMotionTests.xctest */ = {isa = PBXFileReference; explicitFileType = wrapper.cfbundle; includeInIndex = 0; path = testCMMotionTests.xctest; sourceTree = BUILT_PRODUCTS_DIR; };
		5E1503612168C7FF00E2AD1A /* testCMMotionTests.swift */ = {isa = PBXFileReference; lastKnownFileType = sourcecode.swift; path = testCMMotionTests.swift; sourceTree = "<group>"; };
		5E1503632168C7FF00E2AD1A /* Info.plist */ = {isa = PBXFileReference; lastKnownFileType = text.plist.xml; path = Info.plist; sourceTree = "<group>"; };
		5E1503682168C7FF00E2AD1A /* testCMMotionUITests.xctest */ = {isa = PBXFileReference; explicitFileType = wrapper.cfbundle; includeInIndex = 0; path = testCMMotionUITests.xctest; sourceTree = BUILT_PRODUCTS_DIR; };
		5E15036C2168C7FF00E2AD1A /* testCMMotionUITests.swift */ = {isa = PBXFileReference; lastKnownFileType = sourcecode.swift; path = testCMMotionUITests.swift; sourceTree = "<group>"; };
		5E15036E2168C7FF00E2AD1A /* Info.plist */ = {isa = PBXFileReference; lastKnownFileType = text.plist.xml; path = Info.plist; sourceTree = "<group>"; };
/* End PBXFileReference section */

/* Begin PBXFrameworksBuildPhase section */
		5E1503462168C7FE00E2AD1A /* Frameworks */ = {
			isa = PBXFrameworksBuildPhase;
			buildActionMask = 2147483647;
			files = (
			);
			runOnlyForDeploymentPostprocessing = 0;
		};
		5E15035A2168C7FF00E2AD1A /* Frameworks */ = {
			isa = PBXFrameworksBuildPhase;
			buildActionMask = 2147483647;
			files = (
			);
			runOnlyForDeploymentPostprocessing = 0;
		};
		5E1503652168C7FF00E2AD1A /* Frameworks */ = {
			isa = PBXFrameworksBuildPhase;
			buildActionMask = 2147483647;
			files = (
			);
			runOnlyForDeploymentPostprocessing = 0;
		};
/* End PBXFrameworksBuildPhase section */

/* Begin PBXGroup section */
		5E1503402168C7FE00E2AD1A = {
			isa = PBXGroup;
			children = (
				5E15034B2168C7FE00E2AD1A /* testCMMotion */,
				5E1503602168C7FF00E2AD1A /* testCMMotionTests */,
				5E15036B2168C7FF00E2AD1A /* testCMMotionUITests */,
				5E15034A2168C7FE00E2AD1A /* Products */,
			);
			sourceTree = "<group>";
		};
		5E15034A2168C7FE00E2AD1A /* Products */ = {
			isa = PBXGroup;
			children = (
				5E1503492168C7FE00E2AD1A /* testCMMotion.app */,
				5E15035D2168C7FF00E2AD1A /* testCMMotionTests.xctest */,
				5E1503682168C7FF00E2AD1A /* testCMMotionUITests.xctest */,
			);
			name = Products;
			sourceTree = "<group>";
		};
		5E15034B2168C7FE00E2AD1A /* testCMMotion */ = {
			isa = PBXGroup;
			children = (
				5E15034C2168C7FE00E2AD1A /* AppDelegate.swift */,
				5E15034E2168C7FE00E2AD1A /* ViewController.swift */,
				5E1503502168C7FE00E2AD1A /* Main.storyboard */,
				5E1503532168C7FF00E2AD1A /* Assets.xcassets */,
				5E1503552168C7FF00E2AD1A /* LaunchScreen.storyboard */,
				5E1503582168C7FF00E2AD1A /* Info.plist */,
			);
			path = testCMMotion;
			sourceTree = "<group>";
		};
		5E1503602168C7FF00E2AD1A /* testCMMotionTests */ = {
			isa = PBXGroup;
			children = (
				5E1503612168C7FF00E2AD1A /* testCMMotionTests.swift */,
				5E1503632168C7FF00E2AD1A /* Info.plist */,
			);
			path = testCMMotionTests;
			sourceTree = "<group>";
		};
		5E15036B2168C7FF00E2AD1A /* testCMMotionUITests */ = {
			isa = PBXGroup;
			children = (
				5E15036C2168C7FF00E2AD1A /* testCMMotionUITests.swift */,
				5E15036E2168C7FF00E2AD1A /* Info.plist */,
			);
			path = testCMMotionUITests;
			sourceTree = "<group>";
		};
/* End PBXGroup section */

/* Begin PBXNativeTarget section */
		5E1503482168C7FE00E2AD1A /* testCMMotion */ = {
			isa = PBXNativeTarget;
			buildConfigurationList = 5E1503712168C7FF00E2AD1A /* Build configuration list for PBXNativeTarget "testCMMotion" */;
			buildPhases = (
				5E1503452168C7FE00E2AD1A /* Sources */,
				5E1503462168C7FE00E2AD1A /* Frameworks */,
				5E1503472168C7FE00E2AD1A /* Resources */,
			);
			buildRules = (
			);
			dependencies = (
			);
			name = testCMMotion;
			productName = testCMMotion;
			productReference = 5E1503492168C7FE00E2AD1A /* testCMMotion.app */;
			productType = "com.apple.product-type.application";
		};
		5E15035C2168C7FF00E2AD1A /* testCMMotionTests */ = {
			isa = PBXNativeTarget;
			buildConfigurationList = 5E1503742168C7FF00E2AD1A /* Build configuration list for PBXNativeTarget "testCMMotionTests" */;
			buildPhases = (
				5E1503592168C7FF00E2AD1A /* Sources */,
				5E15035A2168C7FF00E2AD1A /* Frameworks */,
				5E15035B2168C7FF00E2AD1A /* Resources */,
			);
			buildRules = (
			);
			dependencies = (
				5E15035F2168C7FF00E2AD1A /* PBXTargetDependency */,
			);
			name = testCMMotionTests;
			productName = testCMMotionTests;
			productReference = 5E15035D2168C7FF00E2AD1A /* testCMMotionTests.xctest */;
			productType = "com.apple.product-type.bundle.unit-test";
		};
		5E1503672168C7FF00E2AD1A /* testCMMotionUITests */ = {
			isa = PBXNativeTarget;
			buildConfigurationList = 5E1503772168C7FF00E2AD1A /* Build configuration list for PBXNativeTarget "testCMMotionUITests" */;
			buildPhases = (
				5E1503642168C7FF00E2AD1A /* Sources */,
				5E1503652168C7FF00E2AD1A /* Frameworks */,
				5E1503662168C7FF00E2AD1A /* Resources */,
			);
			buildRules = (
			);
			dependencies = (
				5E15036A2168C7FF00E2AD1A /* PBXTargetDependency */,
			);
			name = testCMMotionUITests;
			productName = testCMMotionUITests;
			productReference = 5E1503682168C7FF00E2AD1A /* testCMMotionUITests.xctest */;
			productType = "com.apple.product-type.bundle.ui-testing";
		};
/* End PBXNativeTarget section */

/* Begin PBXProject section */
		5E1503412168C7FE00E2AD1A /* Project object */ = {
			isa = PBXProject;
			attributes = {
				LastSwiftUpdateCheck = 1000;
				LastUpgradeCheck = 1000;
				ORGANIZATIONNAME = "Peerapathananont, Kajornsak (Agoda)";
				TargetAttributes = {
					5E1503482168C7FE00E2AD1A = {
						CreatedOnToolsVersion = 10.0;
					};
					5E15035C2168C7FF00E2AD1A = {
						CreatedOnToolsVersion = 10.0;
						TestTargetID = 5E1503482168C7FE00E2AD1A;
					};
					5E1503672168C7FF00E2AD1A = {
						CreatedOnToolsVersion = 10.0;
						TestTargetID = 5E1503482168C7FE00E2AD1A;
					};
				};
			};
			buildConfigurationList = 5E1503442168C7FE00E2AD1A /* Build configuration list for PBXProject "testCMMotion" */;
			compatibilityVersion = "Xcode 9.3";
			developmentRegion = en;
			hasScannedForEncodings = 0;
			knownRegions = (
				en,
				Base,
			);
			mainGroup = 5E1503402168C7FE00E2AD1A;
			productRefGroup = 5E15034A2168C7FE00E2AD1A /* Products */;
			projectDirPath = "";
			projectRoot = "";
			targets = (
				5E1503482168C7FE00E2AD1A /* testCMMotion */,
				5E15035C2168C7FF00E2AD1A /* testCMMotionTests */,
				5E1503672168C7FF00E2AD1A /* testCMMotionUITests */,
			);
		};
/* End PBXProject section */

/* Begin PBXResourcesBuildPhase section */
		5E1503472168C7FE00E2AD1A /* Resources */ = {
			isa = PBXResourcesBuildPhase;
			buildActionMask = 2147483647;
			files = (
				5E1503572168C7FF00E2AD1A /* LaunchScreen.storyboard in Resources */,
				5E1503542168C7FF00E2AD1A /* Assets.xcassets in Resources */,
				5E1503522168C7FE00E2AD1A /* Main.storyboard in Resources */,
			);
			runOnlyForDeploymentPostprocessing = 0;
		};
		5E15035B2168C7FF00E2AD1A /* Resources */ = {
			isa = PBXResourcesBuildPhase;
			buildActionMask = 2147483647;
			files = (
			);
			runOnlyForDeploymentPostprocessing = 0;
		};
		5E1503662168C7FF00E2AD1A /* Resources */ = {
			isa = PBXResourcesBuildPhase;
			buildActionMask = 2147483647;
			files = (
			);
			runOnlyForDeploymentPostprocessing = 0;
		};
/* End PBXResourcesBuildPhase section */

/* Begin PBXSourcesBuildPhase section */
		5E1503452168C7FE00E2AD1A /* Sources */ = {
			isa = PBXSourcesBuildPhase;
			buildActionMask = 2147483647;
			files = (
				5E15034F2168C7FE00E2AD1A /* ViewController.swift in Sources */,
				5E15034D2168C7FE00E2AD1A /* AppDelegate.swift in Sources */,
			);
			runOnlyForDeploymentPostprocessing = 0;
		};
		5E1503592168C7FF00E2AD1A /* Sources */ = {
			isa = PBXSourcesBuildPhase;
			buildActionMask = 2147483647;
			files = (
				5E1503622168C7FF00E2AD1A /* testCMMotionTests.swift in Sources */,
			);
			runOnlyForDeploymentPostprocessing = 0;
		};
		5E1503642168C7FF00E2AD1A /* Sources */ = {
			isa = PBXSourcesBuildPhase;
			buildActionMask = 2147483647;
			files = (
				5E15036D2168C7FF00E2AD1A /* testCMMotionUITests.swift in Sources */,
			);
			runOnlyForDeploymentPostprocessing = 0;
		};
/* End PBXSourcesBuildPhase section */

/* Begin PBXTargetDependency section */
		5E15035F2168C7FF00E2AD1A /* PBXTargetDependency */ = {
			isa = PBXTargetDependency;
			target = 5E1503482168C7FE00E2AD1A /* testCMMotion */;
			targetProxy = 5E15035E2168C7FF00E2AD1A /* PBXContainerItemProxy */;
		};
		5E15036A2168C7FF00E2AD1A /* PBXTargetDependency */ = {
			isa = PBXTargetDependency;
			target = 5E1503482168C7FE00E2AD1A /* testCMMotion */;
			targetProxy = 5E1503692168C7FF00E2AD1A /* PBXContainerItemProxy */;
		};
/* End PBXTargetDependency section */

/* Begin PBXVariantGroup section */
		5E1503502168C7FE00E2AD1A /* Main.storyboard */ = {
			isa = PBXVariantGroup;
			children = (
				5E1503512168C7FE00E2AD1A /* Base */,
			);
			name = Main.storyboard;
			sourceTree = "<group>";
		};
		5E1503552168C7FF00E2AD1A /* LaunchScreen.storyboard */ = {
			isa = PBXVariantGroup;
			children = (
				5E1503562168C7FF00E2AD1A /* Base */,
			);
			name = LaunchScreen.storyboard;
			sourceTree = "<group>";
		};
/* End PBXVariantGroup section */

/* Begin XCBuildConfiguration section */
		5E15036F2168C7FF00E2AD1A /* Debug */ = {
			isa = XCBuildConfiguration;
			buildSettings = {
				ALWAYS_SEARCH_USER_PATHS = NO;
				CLANG_ANALYZER_NONNULL = YES;
				CLANG_ANALYZER_NUMBER_OBJECT_CONVERSION = YES_AGGRESSIVE;
				CLANG_CXX_LANGUAGE_STANDARD = "gnu++14";
				CLANG_CXX_LIBRARY = "libc++";
				CLANG_ENABLE_MODULES = YES;
				CLANG_ENABLE_OBJC_ARC = YES;
				CLANG_ENABLE_OBJC_WEAK = YES;
				CLANG_WARN_BLOCK_CAPTURE_AUTORELEASING = YES;
				CLANG_WARN_BOOL_CONVERSION = YES;
				CLANG_WARN_COMMA = YES;
				CLANG_WARN_CONSTANT_CONVERSION = YES;
				CLANG_WARN_DEPRECATED_OBJC_IMPLEMENTATIONS = YES;
				CLANG_WARN_DIRECT_OBJC_ISA_USAGE = YES_ERROR;
				CLANG_WARN_DOCUMENTATION_COMMENTS = YES;
				CLANG_WARN_EMPTY_BODY = YES;
				CLANG_WARN_ENUM_CONVERSION = YES;
				CLANG_WARN_INFINITE_RECURSION = YES;
				CLANG_WARN_INT_CONVERSION = YES;
				CLANG_WARN_NON_LITERAL_NULL_CONVERSION = YES;
				CLANG_WARN_OBJC_IMPLICIT_RETAIN_SELF = YES;
				CLANG_WARN_OBJC_LITERAL_CONVERSION = YES;
				CLANG_WARN_OBJC_ROOT_CLASS = YES_ERROR;
				CLANG_WARN_RANGE_LOOP_ANALYSIS = YES;
				CLANG_WARN_STRICT_PROTOTYPES = YES;
				CLANG_WARN_SUSPICIOUS_MOVE = YES;
				CLANG_WARN_UNGUARDED_AVAILABILITY = YES_AGGRESSIVE;
				CLANG_WARN_UNREACHABLE_CODE = YES;
				CLANG_WARN__DUPLICATE_METHOD_MATCH = YES;
				CODE_SIGN_IDENTITY = "iPhone Developer";
				COPY_PHASE_STRIP = NO;
				DEBUG_INFORMATION_FORMAT = dwarf;
				ENABLE_STRICT_OBJC_MSGSEND = YES;
				ENABLE_TESTABILITY = YES;
				GCC_C_LANGUAGE_STANDARD = gnu11;
				GCC_DYNAMIC_NO_PIC = NO;
				GCC_NO_COMMON_BLOCKS = YES;
				GCC_OPTIMIZATION_LEVEL = 0;
				GCC_PREPROCESSOR_DEFINITIONS = (
					"DEBUG=1",
					"$(inherited)",
				);
				GCC_WARN_64_TO_32_BIT_CONVERSION = YES;
				GCC_WARN_ABOUT_RETURN_TYPE = YES_ERROR;
				GCC_WARN_UNDECLARED_SELECTOR = YES;
				GCC_WARN_UNINITIALIZED_AUTOS = YES_AGGRESSIVE;
				GCC_WARN_UNUSED_FUNCTION = YES;
				GCC_WARN_UNUSED_VARIABLE = YES;
				IPHONEOS_DEPLOYMENT_TARGET = 12.0;
				MTL_ENABLE_DEBUG_INFO = INCLUDE_SOURCE;
				MTL_FAST_MATH = YES;
				ONLY_ACTIVE_ARCH = YES;
				SDKROOT = iphoneos;
				SWIFT_ACTIVE_COMPILATION_CONDITIONS = DEBUG;
				SWIFT_OPTIMIZATION_LEVEL = "-Onone";
			};
			name = Debug;
		};
		5E1503702168C7FF00E2AD1A /* Release */ = {
			isa = XCBuildConfiguration;
			buildSettings = {
				ALWAYS_SEARCH_USER_PATHS = NO;
				CLANG_ANALYZER_NONNULL = YES;
				CLANG_ANALYZER_NUMBER_OBJECT_CONVERSION = YES_AGGRESSIVE;
				CLANG_CXX_LANGUAGE_STANDARD = "gnu++14";
				CLANG_CXX_LIBRARY = "libc++";
				CLANG_ENABLE_MODULES = YES;
				CLANG_ENABLE_OBJC_ARC = YES;
				CLANG_ENABLE_OBJC_WEAK = YES;
				CLANG_WARN_BLOCK_CAPTURE_AUTORELEASING = YES;
				CLANG_WARN_BOOL_CONVERSION = YES;
				CLANG_WARN_COMMA = YES;
				CLANG_WARN_CONSTANT_CONVERSION = YES;
				CLANG_WARN_DEPRECATED_OBJC_IMPLEMENTATIONS = YES;
				CLANG_WARN_DIRECT_OBJC_ISA_USAGE = YES_ERROR;
				CLANG_WARN_DOCUMENTATION_COMMENTS = YES;
				CLANG_WARN_EMPTY_BODY = YES;
				CLANG_WARN_ENUM_CONVERSION = YES;
				CLANG_WARN_INFINITE_RECURSION = YES;
				CLANG_WARN_INT_CONVERSION = YES;
				CLANG_WARN_NON_LITERAL_NULL_CONVERSION = YES;
				CLANG_WARN_OBJC_IMPLICIT_RETAIN_SELF = YES;
				CLANG_WARN_OBJC_LITERAL_CONVERSION = YES;
				CLANG_WARN_OBJC_ROOT_CLASS = YES_ERROR;
				CLANG_WARN_RANGE_LOOP_ANALYSIS = YES;
				CLANG_WARN_STRICT_PROTOTYPES = YES;
				CLANG_WARN_SUSPICIOUS_MOVE = YES;
				CLANG_WARN_UNGUARDED_AVAILABILITY = YES_AGGRESSIVE;
				CLANG_WARN_UNREACHABLE_CODE = YES;
				CLANG_WARN__DUPLICATE_METHOD_MATCH = YES;
				CODE_SIGN_IDENTITY = "iPhone Developer";
				COPY_PHASE_STRIP = NO;
				DEBUG_INFORMATION_FORMAT = "dwarf-with-dsym";
				ENABLE_NS_ASSERTIONS = NO;
				ENABLE_STRICT_OBJC_MSGSEND = YES;
				GCC_C_LANGUAGE_STANDARD = gnu11;
				GCC_NO_COMMON_BLOCKS = YES;
				GCC_WARN_64_TO_32_BIT_CONVERSION = YES;
				GCC_WARN_ABOUT_RETURN_TYPE = YES_ERROR;
				GCC_WARN_UNDECLARED_SELECTOR = YES;
				GCC_WARN_UNINITIALIZED_AUTOS = YES_AGGRESSIVE;
				GCC_WARN_UNUSED_FUNCTION = YES;
				GCC_WARN_UNUSED_VARIABLE = YES;
				IPHONEOS_DEPLOYMENT_TARGET = 12.0;
				MTL_ENABLE_DEBUG_INFO = NO;
				MTL_FAST_MATH = YES;
				SDKROOT = iphoneos;
				SWIFT_COMPILATION_MODE = wholemodule;
				SWIFT_OPTIMIZATION_LEVEL = "-O";
				VALIDATE_PRODUCT = YES;
			};
			name = Release;
		};
		5E1503722168C7FF00E2AD1A /* Debug */ = {
			isa = XCBuildConfiguration;
			buildSettings = {
				ASSETCATALOG_COMPILER_APPICON_NAME = AppIcon;
				CODE_SIGN_STYLE = Automatic;
				DEVELOPMENT_TEAM = P2N373N3GP;
				INFOPLIST_FILE = testCMMotion/Info.plist;
				LD_RUNPATH_SEARCH_PATHS = (
					"$(inherited)",
					"@executable_path/Frameworks",
				);
				PRODUCT_BUNDLE_IDENTIFIER = com.kajornsak.testCMMotion;
				PRODUCT_NAME = "$(TARGET_NAME)";
				SWIFT_VERSION = 4.2;
				TARGETED_DEVICE_FAMILY = "1,2";
			};
			name = Debug;
		};
		5E1503732168C7FF00E2AD1A /* Release */ = {
			isa = XCBuildConfiguration;
			buildSettings = {
				ASSETCATALOG_COMPILER_APPICON_NAME = AppIcon;
				CODE_SIGN_STYLE = Automatic;
				DEVELOPMENT_TEAM = P2N373N3GP;
				INFOPLIST_FILE = testCMMotion/Info.plist;
				LD_RUNPATH_SEARCH_PATHS = (
					"$(inherited)",
					"@executable_path/Frameworks",
				);
				PRODUCT_BUNDLE_IDENTIFIER = com.kajornsak.testCMMotion;
				PRODUCT_NAME = "$(TARGET_NAME)";
				SWIFT_VERSION = 4.2;
				TARGETED_DEVICE_FAMILY = "1,2";
			};
			name = Release;
		};
		5E1503752168C7FF00E2AD1A /* Debug */ = {
			isa = XCBuildConfiguration;
			buildSettings = {
				ALWAYS_EMBED_SWIFT_STANDARD_LIBRARIES = YES;
				BUNDLE_LOADER = "$(TEST_HOST)";
				CODE_SIGN_STYLE = Automatic;
				DEVELOPMENT_TEAM = P2N373N3GP;
				INFOPLIST_FILE = testCMMotionTests/Info.plist;
				LD_RUNPATH_SEARCH_PATHS = (
					"$(inherited)",
					"@executable_path/Frameworks",
					"@loader_path/Frameworks",
				);
				PRODUCT_BUNDLE_IDENTIFIER = com.kajornsak.testCMMotionTests;
				PRODUCT_NAME = "$(TARGET_NAME)";
				SWIFT_VERSION = 4.2;
				TARGETED_DEVICE_FAMILY = "1,2";
				TEST_HOST = "$(BUILT_PRODUCTS_DIR)/testCMMotion.app/testCMMotion";
			};
			name = Debug;
		};
		5E1503762168C7FF00E2AD1A /* Release */ = {
			isa = XCBuildConfiguration;
			buildSettings = {
				ALWAYS_EMBED_SWIFT_STANDARD_LIBRARIES = YES;
				BUNDLE_LOADER = "$(TEST_HOST)";
				CODE_SIGN_STYLE = Automatic;
				DEVELOPMENT_TEAM = P2N373N3GP;
				INFOPLIST_FILE = testCMMotionTests/Info.plist;
				LD_RUNPATH_SEARCH_PATHS = (
					"$(inherited)",
					"@executable_path/Frameworks",
					"@loader_path/Frameworks",
				);
				PRODUCT_BUNDLE_IDENTIFIER = com.kajornsak.testCMMotionTests;
				PRODUCT_NAME = "$(TARGET_NAME)";
				SWIFT_VERSION = 4.2;
				TARGETED_DEVICE_FAMILY = "1,2";
				TEST_HOST = "$(BUILT_PRODUCTS_DIR)/testCMMotion.app/testCMMotion";
			};
			name = Release;
		};
		5E1503782168C7FF00E2AD1A /* Debug */ = {
			isa = XCBuildConfiguration;
			buildSettings = {
				ALWAYS_EMBED_SWIFT_STANDARD_LIBRARIES = YES;
				CODE_SIGN_STYLE = Automatic;
				DEVELOPMENT_TEAM = P2N373N3GP;
				INFOPLIST_FILE = testCMMotionUITests/Info.plist;
				LD_RUNPATH_SEARCH_PATHS = (
					"$(inherited)",
					"@executable_path/Frameworks",
					"@loader_path/Frameworks",
				);
				PRODUCT_BUNDLE_IDENTIFIER = com.kajornsak.testCMMotionUITests;
				PRODUCT_NAME = "$(TARGET_NAME)";
				SWIFT_VERSION = 4.2;
				TARGETED_DEVICE_FAMILY = "1,2";
				TEST_TARGET_NAME = testCMMotion;
			};
			name = Debug;
		};
		5E1503792168C7FF00E2AD1A /* Release */ = {
			isa = XCBuildConfiguration;
			buildSettings = {
				ALWAYS_EMBED_SWIFT_STANDARD_LIBRARIES = YES;
				CODE_SIGN_STYLE = Automatic;
				DEVELOPMENT_TEAM = P2N373N3GP;
				INFOPLIST_FILE = testCMMotionUITests/Info.plist;
				LD_RUNPATH_SEARCH_PATHS = (
					"$(inherited)",
					"@executable_path/Frameworks",
					"@loader_path/Frameworks",
				);
				PRODUCT_BUNDLE_IDENTIFIER = com.kajornsak.testCMMotionUITests;
				PRODUCT_NAME = "$(TARGET_NAME)";
				SWIFT_VERSION = 4.2;
				TARGETED_DEVICE_FAMILY = "1,2";
				TEST_TARGET_NAME = testCMMotion;
			};
			name = Release;
		};
/* End XCBuildConfiguration section */

/* Begin XCConfigurationList section */
		5E1503442168C7FE00E2AD1A /* Build configuration list for PBXProject "testCMMotion" */ = {
			isa = XCConfigurationList;
			buildConfigurations = (
				5E15036F2168C7FF00E2AD1A /* Debug */,
				5E1503702168C7FF00E2AD1A /* Release */,
			);
			defaultConfigurationIsVisible = 0;
			defaultConfigurationName = Release;
		};
		5E1503712168C7FF00E2AD1A /* Build configuration list for PBXNativeTarget "testCMMotion" */ = {
			isa = XCConfigurationList;
			buildConfigurations = (
				5E1503722168C7FF00E2AD1A /* Debug */,
				5E1503732168C7FF00E2AD1A /* Release */,
			);
			defaultConfigurationIsVisible = 0;
			defaultConfigurationName = Release;
		};
		5E1503742168C7FF00E2AD1A /* Build configuration list for PBXNativeTarget "testCMMotionTests" */ = {
			isa = XCConfigurationList;
			buildConfigurations = (
				5E1503752168C7FF00E2AD1A /* Debug */,
				5E1503762168C7FF00E2AD1A /* Release */,
			);
			defaultConfigurationIsVisible = 0;
			defaultConfigurationName = Release;
		};
		5E1503772168C7FF00E2AD1A /* Build configuration list for PBXNativeTarget "testCMMotionUITests" */ = {
			isa = XCConfigurationList;
			buildConfigurations = (
				5E1503782168C7FF00E2AD1A /* Debug */,
				5E1503792168C7FF00E2AD1A /* Release */,
			);
			defaultConfigurationIsVisible = 0;
			defaultConfigurationName = Release;
		};
/* End XCConfigurationList section */
	};
	rootObject = 5E1503412168C7FE00E2AD1A /* Project object */;
}
